Microsoft Visual Studio Solution File, Format Version 12.00
# Visual Studio 15
VisualStudioVersion = 15.0.28010.2019
MinimumVisualStudioVersion = 10.0.40219.1
Project("{8BC9CEB8-8B4A-11D0-8D11-00A0C91BC942}") = "streaming", "streaming.vcxproj", "{B373E137-0CD7-3B2B-9087-2A3F77D4ADFD}"
EndProject
Global
	GlobalSection(SolutionConfigurationPlatforms) = preSolution
		Debug|x86 = Debug|x86
	EndGlobalSection
	GlobalSection(ProjectConfigurationPlatforms) = postSolution
		{B373E137-0CD7-3B2B-9087-2A3F77D4ADFD}.Debug|x86.ActiveCfg = Debug|Win32
		{B373E137-0CD7-3B2B-9087-2A3F77D4ADFD}.Debug|x86.Build.0 = Debug|Win32
	EndGlobalSection
	GlobalSection(SolutionProperties) = preSolution
		HideSolutionNode = FALSE
	EndGlobalSection
	GlobalSection(ExtensibilityGlobals) = postSolution
		SolutionGuid = {D97B283D-7ABB-32E0-86CF-5D43AE191821}
	EndGlobalSection
EndGlobal
