<?xml version="1.0" encoding="utf-8"?>
<Project ToolsVersion="15.0" xmlns="http://schemas.microsoft.com/developer/msbuild/2003">
  <ItemGroup>
    <ClCompile Include="C:\Users\Nyan\Documents\MEGA\College\MEDEA\Projects\Project3\common\src\glad.c" />
    <ClCompile Include="C:\Users\Nyan\Documents\MEGA\College\MEDEA\Projects\Project3\common\src\utils\camera.cpp">
      <Filter>utils</Filter>
    </ClCompile>
    <ClCompile Include="C:\Users\Nyan\Documents\MEGA\College\MEDEA\Projects\Project3\common\src\utils\cobject.cpp">
      <Filter>utils</Filter>
    </ClCompile>
    <ClCompile Include="C:\Users\Nyan\Documents\MEGA\College\MEDEA\Projects\Project3\common\src\utils\console.cpp">
      <Filter>utils</Filter>
    </ClCompile>
    <ClCompile Include="C:\Users\Nyan\Documents\MEGA\College\MEDEA\Projects\Project3\common\src\utils\gl_math.cpp">
      <Filter>utils</Filter>
    </ClCompile>
    <ClCompile Include="C:\Users\Nyan\Documents\MEGA\College\MEDEA\Projects\Project3\common\src\utils\mat4.cpp">
      <Filter>utils</Filter>
    </ClCompile>
    <ClCompile Include="C:\Users\Nyan\Documents\MEGA\College\MEDEA\Projects\Project3\common\src\utils\utils.cpp">
      <Filter>utils</Filter>
    </ClCompile>
    <ClCompile Include="C:\Users\Nyan\Documents\MEGA\College\MEDEA\Projects\Project3\common\src\utils\vec3.cpp">
      <Filter>utils</Filter>
    </ClCompile>
    <ClCompile Include="main.cpp">
      <Filter>Source Files</Filter>
    </ClCompile>
  </ItemGroup>
  <ItemGroup>
    <ClInclude Include="C:\Users\Nyan\Documents\MEGA\College\MEDEA\Projects\Project3\common\src\utils\camera.h">
      <Filter>utils</Filter>
    </ClInclude>
    <ClInclude Include="C:\Users\Nyan\Documents\MEGA\College\MEDEA\Projects\Project3\common\src\utils\cobject.h">
      <Filter>utils</Filter>
    </ClInclude>
    <ClInclude Include="C:\Users\Nyan\Documents\MEGA\College\MEDEA\Projects\Project3\common\src\utils\console.h">
      <Filter>utils</Filter>
    </ClInclude>
    <ClInclude Include="C:\Users\Nyan\Documents\MEGA\College\MEDEA\Projects\Project3\common\src\utils\gl_math.h">
      <Filter>utils</Filter>
    </ClInclude>
    <ClInclude Include="C:\Users\Nyan\Documents\MEGA\College\MEDEA\Projects\Project3\common\src\utils\mat4.h">
      <Filter>utils</Filter>
    </ClInclude>
    <ClInclude Include="C:\Users\Nyan\Documents\MEGA\College\MEDEA\Projects\Project3\common\src\utils\utils.h">
      <Filter>utils</Filter>
    </ClInclude>
    <ClInclude Include="C:\Users\Nyan\Documents\MEGA\College\MEDEA\Projects\Project3\common\src\utils\vec3.h">
      <Filter>utils</Filter>
    </ClInclude>
  </ItemGroup>
  <ItemGroup>
    <None Include="C:\Users\Nyan\Documents\MEGA\College\MEDEA\Projects\Project3\common\src\shaders\simple_light.frag">
      <Filter>shaders</Filter>
    </None>
    <None Include="C:\Users\Nyan\Documents\MEGA\College\MEDEA\Projects\Project3\common\src\shaders\simple_light.vert">
      <Filter>shaders</Filter>
    </None>
    <None Include="C:\Users\Nyan\Documents\MEGA\College\MEDEA\Projects\Project3\common\src\shaders\simple_text.frag">
      <Filter>shaders</Filter>
    </None>
    <None Include="C:\Users\Nyan\Documents\MEGA\College\MEDEA\Projects\Project3\common\src\shaders\simple_text.vert">
      <Filter>shaders</Filter>
    </None>
  </ItemGroup>
  <ItemGroup>
    <Filter Include="Source Files">
      <UniqueIdentifier>{CF1C2C2F-E188-31CF-A655-B9F4F9915A89}</UniqueIdentifier>
    </Filter>
    <Filter Include="shaders">
      <UniqueIdentifier>{4364DDD2-1D57-370D-8CED-388D20DE60B4}</UniqueIdentifier>
    </Filter>
    <Filter Include="utils">
      <UniqueIdentifier>{F5ED7B11-78C9-3E06-B8DF-07205D10CB7C}</UniqueIdentifier>
    </Filter>
  </ItemGroup>
</Project>